
Microsoft Visual Studio Solution File, Format Version 12.00
# Visual Studio Version 17
VisualStudioVersion = 17.3.32811.315
MinimumVisualStudioVersion = 10.0.40219.1
Project("{FAE04EC0-301F-11D3-BF4B-00C04F79EFBC}") = "Uppgift 5.1", "Uppgift 5.1\Uppgift 5.1.csproj", "{EC31730A-655F-402F-BF6E-F9B839EEB9D1}"
EndProject
Global
	GlobalSection(SolutionConfigurationPlatforms) = preSolution
		Debug|Any CPU = Debug|Any CPU
		Release|Any CPU = Release|Any CPU
	EndGlobalSection
	GlobalSection(ProjectConfigurationPlatforms) = postSolution
		{EC31730A-655F-402F-BF6E-F9B839EEB9D1}.Debug|Any CPU.ActiveCfg = Debug|Any CPU
		{EC31730A-655F-402F-BF6E-F9B839EEB9D1}.Debug|Any CPU.Build.0 = Debug|Any CPU
		{EC31730A-655F-402F-BF6E-F9B839EEB9D1}.Release|Any CPU.ActiveCfg = Release|Any CPU
		{EC31730A-655F-402F-BF6E-F9B839EEB9D1}.Release|Any CPU.Build.0 = Release|Any CPU
	EndGlobalSection
	GlobalSection(SolutionProperties) = preSolution
		HideSolutionNode = FALSE
	EndGlobalSection
	GlobalSection(ExtensibilityGlobals) = postSolution
		SolutionGuid = {87B46053-990E-4FCC-B596-3FCD44E3ED40}
	EndGlobalSection
EndGlobal
